{
  "name": "@typescript-package/wrap-property",
  "version": "0.0.1-beta",
  "lockfileVersion": 3,
  "requires": true,
  "packages": {
    "": {
      "name": "@typescript-package/wrap-property",
      "version": "0.0.1-beta",
      "funding": [
        {
          "type": "stripe",
          "url": "https://donate.stripe.com/dR614hfDZcJE3wAcMM"
        },
        {
          "type": "revolut",
          "url": "https://checkout.revolut.com/pay/048b10a3-0e10-42c8-a917-e3e9cb4c8e29"
        }
      ],
      "license": "MIT",
      "peerDependencies": {
        "@typedly/callback": "^1.0.0-beta.4",
        "@typedly/controller": "^0.0.1-beta",
        "@typedly/descriptor": "^5.1.0-beta"
      }
    },
    "node_modules/@typedly/callback": {
      "version": "1.0.0-beta.4",
      "resolved": "https://registry.npmjs.org/@typedly/callback/-/callback-1.0.0-beta.4.tgz",
      "integrity": "sha512-LNyHumvQEuYG307ksDxTzK5cG1VLkZDmFkZoI4cOQ/UkRe/uDn4FEpiDCuVwHhpN0Xdawynt3Acj/3LPpTiluQ==",
      "funding": [
        {
          "type": "stripe",
          "url": "https://donate.stripe.com/dR614hfDZcJE3wAcMM"
        },
        {
          "type": "revolut",
          "url": "https://checkout.revolut.com/pay/048b10a3-0e10-42c8-a917-e3e9cb4c8e29"
        }
      ],
      "license": "MIT",
      "peer": true
    },
    "node_modules/@typedly/controller": {
      "version": "0.0.1-beta",
      "resolved": "https://registry.npmjs.org/@typedly/controller/-/controller-0.0.1-beta.tgz",
      "integrity": "sha512-NRkxpxOakA+YtZuDzG5BV29AMdb6Bd1gFcDA3c3R8mVE5fZ5akG8jVWoONN3X63zmP+cnoLjuO95eNx+Dji3pg==",
      "funding": [
        {
          "type": "stripe",
          "url": "https://donate.stripe.com/dR614hfDZcJE3wAcMM"
        },
        {
          "type": "revolut",
          "url": "https://checkout.revolut.com/pay/048b10a3-0e10-42c8-a917-e3e9cb4c8e29"
        }
      ],
      "license": "MIT",
      "peer": true,
      "peerDependencies": {
        "@typedly/callback": "^1.0.0-beta.4",
        "@typedly/descriptor": "^5.1.0-beta"
      }
    },
    "node_modules/@typedly/descriptor": {
      "version": "5.1.0-beta",
      "resolved": "https://registry.npmjs.org/@typedly/descriptor/-/descriptor-5.1.0-beta.tgz",
      "integrity": "sha512-/lvVjLT4+ndXCApFGqblnNq10E3pSeUrdpvHpYCbG8xAT1PQ5Bjrpe4C/3rbFtd0gvR0nfI4O+FaOBw7ORqQoA==",
      "funding": [
        {
          "type": "stripe",
          "url": "https://donate.stripe.com/dR614hfDZcJE3wAcMM"
        },
        {
          "type": "revolut",
          "url": "https://checkout.revolut.com/pay/048b10a3-0e10-42c8-a917-e3e9cb4c8e29"
        }
      ],
      "license": "MIT",
      "peer": true,
      "peerDependencies": {
        "@typedly/callback": "^1.0.0-beta.4"
      }
    }
  }
}
